
Microsoft Visual Studio Solution File, Format Version 12.00
# Visual Studio Version 16
VisualStudioVersion = 16.0.32510.428
MinimumVisualStudioVersion = 10.0.40219.1
Project("{FAE04EC0-301F-11D3-BF4B-00C04F79EFBC}") = "WindowsFormsApp1", "WindowsFormsApp1\WindowsFormsApp1.csproj", "{FC5DCE97-884D-4CCF-B0FE-7DFC6CDE2BC1}"
EndProject
Global
	GlobalSection(SolutionConfigurationPlatforms) = preSolution
		Debug|Any CPU = Debug|Any CPU
		Release|Any CPU = Release|Any CPU
	EndGlobalSection
	GlobalSection(ProjectConfigurationPlatforms) = postSolution
		{FC5DCE97-884D-4CCF-B0FE-7DFC6CDE2BC1}.Debug|Any CPU.ActiveCfg = Debug|Any CPU
		{FC5DCE97-884D-4CCF-B0FE-7DFC6CDE2BC1}.Debug|Any CPU.Build.0 = Debug|Any CPU
		{FC5DCE97-884D-4CCF-B0FE-7DFC6CDE2BC1}.Release|Any CPU.ActiveCfg = Release|Any CPU
		{FC5DCE97-884D-4CCF-B0FE-7DFC6CDE2BC1}.Release|Any CPU.Build.0 = Release|Any CPU
	EndGlobalSection
	GlobalSection(SolutionProperties) = preSolution
		HideSolutionNode = FALSE
	EndGlobalSection
	GlobalSection(ExtensibilityGlobals) = postSolution
		SolutionGuid = {C992C41A-4EDE-4825-B59F-DC483A42628F}
	EndGlobalSection
EndGlobal
